
Microsoft Visual Studio Solution File, Format Version 12.00
# Visual Studio 15
VisualStudioVersion = 15.0.27703.2026
MinimumVisualStudioVersion = 10.0.40219.1
Project("{FAE04EC0-301F-11D3-BF4B-00C04F79EFBC}") = "Vidly", "Vidly\Vidly.csproj", "{7B4ADBF1-D69E-4D2C-893A-35F3B448E79C}"
EndProject
Global
	GlobalSection(SolutionConfigurationPlatforms) = preSolution
		Debug|Any CPU = Debug|Any CPU
		Release|Any CPU = Release|Any CPU
	EndGlobalSection
	GlobalSection(ProjectConfigurationPlatforms) = postSolution
		{7B4ADBF1-D69E-4D2C-893A-35F3B448E79C}.Debug|Any CPU.ActiveCfg = Debug|Any CPU
		{7B4ADBF1-D69E-4D2C-893A-35F3B448E79C}.Debug|Any CPU.Build.0 = Debug|Any CPU
		{7B4ADBF1-D69E-4D2C-893A-35F3B448E79C}.Release|Any CPU.ActiveCfg = Release|Any CPU
		{7B4ADBF1-D69E-4D2C-893A-35F3B448E79C}.Release|Any CPU.Build.0 = Release|Any CPU
	EndGlobalSection
	GlobalSection(SolutionProperties) = preSolution
		HideSolutionNode = FALSE
	EndGlobalSection
	GlobalSection(ExtensibilityGlobals) = postSolution
		SolutionGuid = {EDB8EF37-A491-4708-973D-E673755CEBA9}
	EndGlobalSection
EndGlobal
